
Microsoft Visual Studio Solution File, Format Version 12.00
# Visual Studio 15
Project("{FAE04EC0-301F-11D3-BF4B-00C04F79EFBC}") = "servicebus.communication.Droid", "servicebus.communication.Droid\servicebus.communication.Droid.csproj", "{B527F969-1F10-4F20-B901-782C4F5FC9D2}"
EndProject
Project("{FAE04EC0-301F-11D3-BF4B-00C04F79EFBC}") = "servicebus.communication.Core", "servicebus.communication.Core\servicebus.communication.Core.csproj", "{9044295C-0766-440E-8922-BBBF597A040C}"
EndProject
Global
	GlobalSection(SolutionConfigurationPlatforms) = preSolution
		Debug|Any CPU = Debug|Any CPU
		Release|Any CPU = Release|Any CPU
	EndGlobalSection
	GlobalSection(ProjectConfigurationPlatforms) = postSolution
		{B527F969-1F10-4F20-B901-782C4F5FC9D2}.Debug|Any CPU.ActiveCfg = Debug|Any CPU
		{B527F969-1F10-4F20-B901-782C4F5FC9D2}.Debug|Any CPU.Build.0 = Debug|Any CPU
		{B527F969-1F10-4F20-B901-782C4F5FC9D2}.Release|Any CPU.ActiveCfg = Release|Any CPU
		{B527F969-1F10-4F20-B901-782C4F5FC9D2}.Release|Any CPU.Build.0 = Release|Any CPU
		{9044295C-0766-440E-8922-BBBF597A040C}.Debug|Any CPU.ActiveCfg = Debug|Any CPU
		{9044295C-0766-440E-8922-BBBF597A040C}.Debug|Any CPU.Build.0 = Debug|Any CPU
		{9044295C-0766-440E-8922-BBBF597A040C}.Release|Any CPU.ActiveCfg = Release|Any CPU
		{9044295C-0766-440E-8922-BBBF597A040C}.Release|Any CPU.Build.0 = Release|Any CPU
	EndGlobalSection
EndGlobal
